
Microsoft Visual Studio Solution File, Format Version 12.00
# Visual Studio 15
VisualStudioVersion = 15.0.27130.2020
MinimumVisualStudioVersion = 10.0.40219.1
Project("{9A19103F-16F7-4668-BE54-9A1E7A4F7556}") = "DomoticzToRouterSmsBot", "DomoticzToRouterSmsBot.csproj", "{106F7700-F61D-43FD-A335-EF8B9E278167}"
EndProject
Global
	GlobalSection(SolutionConfigurationPlatforms) = preSolution
		Debug|Any CPU = Debug|Any CPU
		Release|Any CPU = Release|Any CPU
	EndGlobalSection
	GlobalSection(ProjectConfigurationPlatforms) = postSolution
		{106F7700-F61D-43FD-A335-EF8B9E278167}.Debug|Any CPU.ActiveCfg = Debug|Any CPU
		{106F7700-F61D-43FD-A335-EF8B9E278167}.Debug|Any CPU.Build.0 = Debug|Any CPU
		{106F7700-F61D-43FD-A335-EF8B9E278167}.Release|Any CPU.ActiveCfg = Release|Any CPU
		{106F7700-F61D-43FD-A335-EF8B9E278167}.Release|Any CPU.Build.0 = Release|Any CPU
	EndGlobalSection
	GlobalSection(SolutionProperties) = preSolution
		HideSolutionNode = FALSE
	EndGlobalSection
	GlobalSection(ExtensibilityGlobals) = postSolution
		SolutionGuid = {723AD275-4E1B-498E-8D86-E6C2AED49FA1}
	EndGlobalSection
EndGlobal
